{
  "name": "mindcanvas-brain",
  "lockfileVersion": 3,
  "requires": true,
  "packages": {
    "": {
      "name": "mindcanvas-brain",
      "workspaces": [
        "apps/*",
        "packages/*"
      ]
    },
    "apps/portal": {
      "name": "@mindcanvas/portal",
      "version": "0.1.0"
    },
    "apps/web": {
      "name": "@mindcanvas/web",
      "version": "0.1.0"
    },
    "node_modules/@mindcanvas/portal": {
      "resolved": "apps/portal",
      "link": true
    },
    "node_modules/@mindcanvas/web": {
      "resolved": "apps/web",
      "link": true
    }
  }
}
